// !$*UTF8*$!
{
	archiveVersion = 1;
	classes = {
	};
	objectVersion = 55;
	objects = {

/* Begin PBXBuildFile section */
		57F318852A8C76F400600D0D /* github_1App.swift in Sources */ = {isa = PBXBuildFile; fileRef = 57F318842A8C76F400600D0D /* github_1App.swift */; };
		57F318872A8C76F400600D0D /* mainview.swift in Sources */ = {isa = PBXBuildFile; fileRef = 57F318862A8C76F400600D0D /* mainview.swift */; };
		57F318892A8C76F800600D0D /* Assets.xcassets in Resources */ = {isa = PBXBuildFile; fileRef = 57F318882A8C76F800600D0D /* Assets.xcassets */; };
		57F3188C2A8C76F800600D0D /* Preview Assets.xcassets in Resources */ = {isa = PBXBuildFile; fileRef = 57F3188B2A8C76F800600D0D /* Preview Assets.xcassets */; };
		57F318962A8C76F900600D0D /* github_1Tests.swift in Sources */ = {isa = PBXBuildFile; fileRef = 57F318952A8C76F900600D0D /* github_1Tests.swift */; };
		57F318A02A8C76F900600D0D /* github_1UITests.swift in Sources */ = {isa = PBXBuildFile; fileRef = 57F3189F2A8C76F900600D0D /* github_1UITests.swift */; };
		57F318A22A8C76F900600D0D /* github_1UITestsLaunchTests.swift in Sources */ = {isa = PBXBuildFile; fileRef = 57F318A12A8C76F900600D0D /* github_1UITestsLaunchTests.swift */; };
/* End PBXBuildFile section */

/* Begin PBXContainerItemProxy section */
		57F318922A8C76F900600D0D /* PBXContainerItemProxy */ = {
			isa = PBXContainerItemProxy;
			containerPortal = 57F318792A8C76F400600D0D /* Project object */;
			proxyType = 1;
			remoteGlobalIDString = 57F318802A8C76F400600D0D;
			remoteInfo = github_1;
		};
		57F3189C2A8C76F900600D0D /* PBXContainerItemProxy */ = {
			isa = PBXContainerItemProxy;
			containerPortal = 57F318792A8C76F400600D0D /* Project object */;
			proxyType = 1;
			remoteGlobalIDString = 57F318802A8C76F400600D0D;
			remoteInfo = github_1;
		};
/* End PBXContainerItemProxy section */

/* Begin PBXFileReference section */
		57F318812A8C76F400600D0D /* github_1.app */ = {isa = PBXFileReference; explicitFileType = wrapper.application; includeInIndex = 0; path = github_1.app; sourceTree = BUILT_PRODUCTS_DIR; };
		57F318842A8C76F400600D0D /* github_1App.swift */ = {isa = PBXFileReference; lastKnownFileType = sourcecode.swift; path = github_1App.swift; sourceTree = "<group>"; };
		57F318862A8C76F400600D0D /* mainview.swift */ = {isa = PBXFileReference; lastKnownFileType = sourcecode.swift; path = mainview.swift; sourceTree = "<group>"; };
		57F318882A8C76F800600D0D /* Assets.xcassets */ = {isa = PBXFileReference; lastKnownFileType = folder.assetcatalog; path = Assets.xcassets; sourceTree = "<group>"; };
		57F3188B2A8C76F800600D0D /* Preview Assets.xcassets */ = {isa = PBXFileReference; lastKnownFileType = folder.assetcatalog; path = "Preview Assets.xcassets"; sourceTree = "<group>"; };
		57F318912A8C76F900600D0D /* github_1Tests.xctest */ = {isa = PBXFileReference; explicitFileType = wrapper.cfbundle; includeInIndex = 0; path = github_1Tests.xctest; sourceTree = BUILT_PRODUCTS_DIR; };
		57F318952A8C76F900600D0D /* github_1Tests.swift */ = {isa = PBXFileReference; lastKnownFileType = sourcecode.swift; path = github_1Tests.swift; sourceTree = "<group>"; };
		57F3189B2A8C76F900600D0D /* github_1UITests.xctest */ = {isa = PBXFileReference; explicitFileType = wrapper.cfbundle; includeInIndex = 0; path = github_1UITests.xctest; sourceTree = BUILT_PRODUCTS_DIR; };
		57F3189F2A8C76F900600D0D /* github_1UITests.swift */ = {isa = PBXFileReference; lastKnownFileType = sourcecode.swift; path = github_1UITests.swift; sourceTree = "<group>"; };
		57F318A12A8C76F900600D0D /* github_1UITestsLaunchTests.swift */ = {isa = PBXFileReference; lastKnownFileType = sourcecode.swift; path = github_1UITestsLaunchTests.swift; sourceTree = "<group>"; };
/* End PBXFileReference section */

/* Begin PBXFrameworksBuildPhase section */
		57F3187E2A8C76F400600D0D /* Frameworks */ = {
			isa = PBXFrameworksBuildPhase;
			buildActionMask = 2147483647;
			files = (
			);
			runOnlyForDeploymentPostprocessing = 0;
		};
		57F3188E2A8C76F900600D0D /* Frameworks */ = {
			isa = PBXFrameworksBuildPhase;
			buildActionMask = 2147483647;
			files = (
			);
			runOnlyForDeploymentPostprocessing = 0;
		};
		57F318982A8C76F900600D0D /* Frameworks */ = {
			isa = PBXFrameworksBuildPhase;
			buildActionMask = 2147483647;
			files = (
			);
			runOnlyForDeploymentPostprocessing = 0;
		};
/* End PBXFrameworksBuildPhase section */

/* Begin PBXGroup section */
		57F318782A8C76F400600D0D = {
			isa = PBXGroup;
			children = (
				57F318832A8C76F400600D0D /* github_1 */,
				57F318942A8C76F900600D0D /* github_1Tests */,
				57F3189E2A8C76F900600D0D /* github_1UITests */,
				57F318822A8C76F400600D0D /* Products */,
			);
			sourceTree = "<group>";
		};
		57F318822A8C76F400600D0D /* Products */ = {
			isa = PBXGroup;
			children = (
				57F318812A8C76F400600D0D /* github_1.app */,
				57F318912A8C76F900600D0D /* github_1Tests.xctest */,
				57F3189B2A8C76F900600D0D /* github_1UITests.xctest */,
			);
			name = Products;
			sourceTree = "<group>";
		};
		57F318832A8C76F400600D0D /* github_1 */ = {
			isa = PBXGroup;
			children = (
				57F318842A8C76F400600D0D /* github_1App.swift */,
				57F318862A8C76F400600D0D /* mainview.swift */,
				57F318882A8C76F800600D0D /* Assets.xcassets */,
				57F3188A2A8C76F800600D0D /* Preview Content */,
			);
			path = github_1;
			sourceTree = "<group>";
		};
		57F3188A2A8C76F800600D0D /* Preview Content */ = {
			isa = PBXGroup;
			children = (
				57F3188B2A8C76F800600D0D /* Preview Assets.xcassets */,
			);
			path = "Preview Content";
			sourceTree = "<group>";
		};
		57F318942A8C76F900600D0D /* github_1Tests */ = {
			isa = PBXGroup;
			children = (
				57F318952A8C76F900600D0D /* github_1Tests.swift */,
			);
			path = github_1Tests;
			sourceTree = "<group>";
		};
		57F3189E2A8C76F900600D0D /* github_1UITests */ = {
			isa = PBXGroup;
			children = (
				57F3189F2A8C76F900600D0D /* github_1UITests.swift */,
				57F318A12A8C76F900600D0D /* github_1UITestsLaunchTests.swift */,
			);
			path = github_1UITests;
			sourceTree = "<group>";
		};
/* End PBXGroup section */

/* Begin PBXNativeTarget section */
		57F318802A8C76F400600D0D /* github_1 */ = {
			isa = PBXNativeTarget;
			buildConfigurationList = 57F318A52A8C76F900600D0D /* Build configuration list for PBXNativeTarget "github_1" */;
			buildPhases = (
				57F3187D2A8C76F400600D0D /* Sources */,
				57F3187E2A8C76F400600D0D /* Frameworks */,
				57F3187F2A8C76F400600D0D /* Resources */,
			);
			buildRules = (
			);
			dependencies = (
			);
			name = github_1;
			productName = github_1;
			productReference = 57F318812A8C76F400600D0D /* github_1.app */;
			productType = "com.apple.product-type.application";
		};
		57F318902A8C76F900600D0D /* github_1Tests */ = {
			isa = PBXNativeTarget;
			buildConfigurationList = 57F318A82A8C76F900600D0D /* Build configuration list for PBXNativeTarget "github_1Tests" */;
			buildPhases = (
				57F3188D2A8C76F900600D0D /* Sources */,
				57F3188E2A8C76F900600D0D /* Frameworks */,
				57F3188F2A8C76F900600D0D /* Resources */,
			);
			buildRules = (
			);
			dependencies = (
				57F318932A8C76F900600D0D /* PBXTargetDependency */,
			);
			name = github_1Tests;
			productName = github_1Tests;
			productReference = 57F318912A8C76F900600D0D /* github_1Tests.xctest */;
			productType = "com.apple.product-type.bundle.unit-test";
		};
		57F3189A2A8C76F900600D0D /* github_1UITests */ = {
			isa = PBXNativeTarget;
			buildConfigurationList = 57F318AB2A8C76F900600D0D /* Build configuration list for PBXNativeTarget "github_1UITests" */;
			buildPhases = (
				57F318972A8C76F900600D0D /* Sources */,
				57F318982A8C76F900600D0D /* Frameworks */,
				57F318992A8C76F900600D0D /* Resources */,
			);
			buildRules = (
			);
			dependencies = (
				57F3189D2A8C76F900600D0D /* PBXTargetDependency */,
			);
			name = github_1UITests;
			productName = github_1UITests;
			productReference = 57F3189B2A8C76F900600D0D /* github_1UITests.xctest */;
			productType = "com.apple.product-type.bundle.ui-testing";
		};
/* End PBXNativeTarget section */

/* Begin PBXProject section */
		57F318792A8C76F400600D0D /* Project object */ = {
			isa = PBXProject;
			attributes = {
				BuildIndependentTargetsInParallel = 1;
				LastSwiftUpdateCheck = 1340;
				LastUpgradeCheck = 1340;
				TargetAttributes = {
					57F318802A8C76F400600D0D = {
						CreatedOnToolsVersion = 13.4;
					};
					57F318902A8C76F900600D0D = {
						CreatedOnToolsVersion = 13.4;
						TestTargetID = 57F318802A8C76F400600D0D;
					};
					57F3189A2A8C76F900600D0D = {
						CreatedOnToolsVersion = 13.4;
						TestTargetID = 57F318802A8C76F400600D0D;
					};
				};
			};
			buildConfigurationList = 57F3187C2A8C76F400600D0D /* Build configuration list for PBXProject "github_1" */;
			compatibilityVersion = "Xcode 13.0";
			developmentRegion = en;
			hasScannedForEncodings = 0;
			knownRegions = (
				en,
				Base,
			);
			mainGroup = 57F318782A8C76F400600D0D;
			productRefGroup = 57F318822A8C76F400600D0D /* Products */;
			projectDirPath = "";
			projectRoot = "";
			targets = (
				57F318802A8C76F400600D0D /* github_1 */,
				57F318902A8C76F900600D0D /* github_1Tests */,
				57F3189A2A8C76F900600D0D /* github_1UITests */,
			);
		};
/* End PBXProject section */

/* Begin PBXResourcesBuildPhase section */
		57F3187F2A8C76F400600D0D /* Resources */ = {
			isa = PBXResourcesBuildPhase;
			buildActionMask = 2147483647;
			files = (
				57F3188C2A8C76F800600D0D /* Preview Assets.xcassets in Resources */,
				57F318892A8C76F800600D0D /* Assets.xcassets in Resources */,
			);
			runOnlyForDeploymentPostprocessing = 0;
		};
		57F3188F2A8C76F900600D0D /* Resources */ = {
			isa = PBXResourcesBuildPhase;
			buildActionMask = 2147483647;
			files = (
			);
			runOnlyForDeploymentPostprocessing = 0;
		};
		57F318992A8C76F900600D0D /* Resources */ = {
			isa = PBXResourcesBuildPhase;
			buildActionMask = 2147483647;
			files = (
			);
			runOnlyForDeploymentPostprocessing = 0;
		};
/* End PBXResourcesBuildPhase section */

/* Begin PBXSourcesBuildPhase section */
		57F3187D2A8C76F400600D0D /* Sources */ = {
			isa = PBXSourcesBuildPhase;
			buildActionMask = 2147483647;
			files = (
				57F318872A8C76F400600D0D /* mainview.swift in Sources */,
				57F318852A8C76F400600D0D /* github_1App.swift in Sources */,
			);
			runOnlyForDeploymentPostprocessing = 0;
		};
		57F3188D2A8C76F900600D0D /* Sources */ = {
			isa = PBXSourcesBuildPhase;
			buildActionMask = 2147483647;
			files = (
				57F318962A8C76F900600D0D /* github_1Tests.swift in Sources */,
			);
			runOnlyForDeploymentPostprocessing = 0;
		};
		57F318972A8C76F900600D0D /* Sources */ = {
			isa = PBXSourcesBuildPhase;
			buildActionMask = 2147483647;
			files = (
				57F318A22A8C76F900600D0D /* github_1UITestsLaunchTests.swift in Sources */,
				57F318A02A8C76F900600D0D /* github_1UITests.swift in Sources */,
			);
			runOnlyForDeploymentPostprocessing = 0;
		};
/* End PBXSourcesBuildPhase section */

/* Begin PBXTargetDependency section */
		57F318932A8C76F900600D0D /* PBXTargetDependency */ = {
			isa = PBXTargetDependency;
			target = 57F318802A8C76F400600D0D /* github_1 */;
			targetProxy = 57F318922A8C76F900600D0D /* PBXContainerItemProxy */;
		};
		57F3189D2A8C76F900600D0D /* PBXTargetDependency */ = {
			isa = PBXTargetDependency;
			target = 57F318802A8C76F400600D0D /* github_1 */;
			targetProxy = 57F3189C2A8C76F900600D0D /* PBXContainerItemProxy */;
		};
/* End PBXTargetDependency section */

/* Begin XCBuildConfiguration section */
		57F318A32A8C76F900600D0D /* Debug */ = {
			isa = XCBuildConfiguration;
			buildSettings = {
				ALWAYS_SEARCH_USER_PATHS = NO;
				CLANG_ANALYZER_NONNULL = YES;
				CLANG_ANALYZER_NUMBER_OBJECT_CONVERSION = YES_AGGRESSIVE;
				CLANG_CXX_LANGUAGE_STANDARD = "gnu++17";
				CLANG_ENABLE_MODULES = YES;
				CLANG_ENABLE_OBJC_ARC = YES;
				CLANG_ENABLE_OBJC_WEAK = YES;
				CLANG_WARN_BLOCK_CAPTURE_AUTORELEASING = YES;
				CLANG_WARN_BOOL_CONVERSION = YES;
				CLANG_WARN_COMMA = YES;
				CLANG_WARN_CONSTANT_CONVERSION = YES;
				CLANG_WARN_DEPRECATED_OBJC_IMPLEMENTATIONS = YES;
				CLANG_WARN_DIRECT_OBJC_ISA_USAGE = YES_ERROR;
				CLANG_WARN_DOCUMENTATION_COMMENTS = YES;
				CLANG_WARN_EMPTY_BODY = YES;
				CLANG_WARN_ENUM_CONVERSION = YES;
				CLANG_WARN_INFINITE_RECURSION = YES;
				CLANG_WARN_INT_CONVERSION = YES;
				CLANG_WARN_NON_LITERAL_NULL_CONVERSION = YES;
				CLANG_WARN_OBJC_IMPLICIT_RETAIN_SELF = YES;
				CLANG_WARN_OBJC_LITERAL_CONVERSION = YES;
				CLANG_WARN_OBJC_ROOT_CLASS = YES_ERROR;
				CLANG_WARN_QUOTED_INCLUDE_IN_FRAMEWORK_HEADER = YES;
				CLANG_WARN_RANGE_LOOP_ANALYSIS = YES;
				CLANG_WARN_STRICT_PROTOTYPES = YES;
				CLANG_WARN_SUSPICIOUS_MOVE = YES;
				CLANG_WARN_UNGUARDED_AVAILABILITY = YES_AGGRESSIVE;
				CLANG_WARN_UNREACHABLE_CODE = YES;
				CLANG_WARN__DUPLICATE_METHOD_MATCH = YES;
				COPY_PHASE_STRIP = NO;
				DEBUG_INFORMATION_FORMAT = dwarf;
				ENABLE_STRICT_OBJC_MSGSEND = YES;
				ENABLE_TESTABILITY = YES;
				GCC_C_LANGUAGE_STANDARD = gnu11;
				GCC_DYNAMIC_NO_PIC = NO;
				GCC_NO_COMMON_BLOCKS = YES;
				GCC_OPTIMIZATION_LEVEL = 0;
				GCC_PREPROCESSOR_DEFINITIONS = (
					"DEBUG=1",
					"$(inherited)",
				);
				GCC_WARN_64_TO_32_BIT_CONVERSION = YES;
				GCC_WARN_ABOUT_RETURN_TYPE = YES_ERROR;
				GCC_WARN_UNDECLARED_SELECTOR = YES;
				GCC_WARN_UNINITIALIZED_AUTOS = YES_AGGRESSIVE;
				GCC_WARN_UNUSED_FUNCTION = YES;
				GCC_WARN_UNUSED_VARIABLE = YES;
				IPHONEOS_DEPLOYMENT_TARGET = 15.5;
				MTL_ENABLE_DEBUG_INFO = INCLUDE_SOURCE;
				MTL_FAST_MATH = YES;
				ONLY_ACTIVE_ARCH = YES;
				SDKROOT = iphoneos;
				SWIFT_ACTIVE_COMPILATION_CONDITIONS = DEBUG;
				SWIFT_OPTIMIZATION_LEVEL = "-Onone";
			};
			name = Debug;
		};
		57F318A42A8C76F900600D0D /* Release */ = {
			isa = XCBuildConfiguration;
			buildSettings = {
				ALWAYS_SEARCH_USER_PATHS = NO;
				CLANG_ANALYZER_NONNULL = YES;
				CLANG_ANALYZER_NUMBER_OBJECT_CONVERSION = YES_AGGRESSIVE;
				CLANG_CXX_LANGUAGE_STANDARD = "gnu++17";
				CLANG_ENABLE_MODULES = YES;
				CLANG_ENABLE_OBJC_ARC = YES;
				CLANG_ENABLE_OBJC_WEAK = YES;
				CLANG_WARN_BLOCK_CAPTURE_AUTORELEASING = YES;
				CLANG_WARN_BOOL_CONVERSION = YES;
				CLANG_WARN_COMMA = YES;
				CLANG_WARN_CONSTANT_CONVERSION = YES;
				CLANG_WARN_DEPRECATED_OBJC_IMPLEMENTATIONS = YES;
				CLANG_WARN_DIRECT_OBJC_ISA_USAGE = YES_ERROR;
				CLANG_WARN_DOCUMENTATION_COMMENTS = YES;
				CLANG_WARN_EMPTY_BODY = YES;
				CLANG_WARN_ENUM_CONVERSION = YES;
				CLANG_WARN_INFINITE_RECURSION = YES;
				CLANG_WARN_INT_CONVERSION = YES;
				CLANG_WARN_NON_LITERAL_NULL_CONVERSION = YES;
				CLANG_WARN_OBJC_IMPLICIT_RETAIN_SELF = YES;
				CLANG_WARN_OBJC_LITERAL_CONVERSION = YES;
				CLANG_WARN_OBJC_ROOT_CLASS = YES_ERROR;
				CLANG_WARN_QUOTED_INCLUDE_IN_FRAMEWORK_HEADER = YES;
				CLANG_WARN_RANGE_LOOP_ANALYSIS = YES;
				CLANG_WARN_STRICT_PROTOTYPES = YES;
				CLANG_WARN_SUSPICIOUS_MOVE = YES;
				CLANG_WARN_UNGUARDED_AVAILABILITY = YES_AGGRESSIVE;
				CLANG_WARN_UNREACHABLE_CODE = YES;
				CLANG_WARN__DUPLICATE_METHOD_MATCH = YES;
				COPY_PHASE_STRIP = NO;
				DEBUG_INFORMATION_FORMAT = "dwarf-with-dsym";
				ENABLE_NS_ASSERTIONS = NO;
				ENABLE_STRICT_OBJC_MSGSEND = YES;
				GCC_C_LANGUAGE_STANDARD = gnu11;
				GCC_NO_COMMON_BLOCKS = YES;
				GCC_WARN_64_TO_32_BIT_CONVERSION = YES;
				GCC_WARN_ABOUT_RETURN_TYPE = YES_ERROR;
				GCC_WARN_UNDECLARED_SELECTOR = YES;
				GCC_WARN_UNINITIALIZED_AUTOS = YES_AGGRESSIVE;
				GCC_WARN_UNUSED_FUNCTION = YES;
				GCC_WARN_UNUSED_VARIABLE = YES;
				IPHONEOS_DEPLOYMENT_TARGET = 15.5;
				MTL_ENABLE_DEBUG_INFO = NO;
				MTL_FAST_MATH = YES;
				SDKROOT = iphoneos;
				SWIFT_COMPILATION_MODE = wholemodule;
				SWIFT_OPTIMIZATION_LEVEL = "-O";
				VALIDATE_PRODUCT = YES;
			};
			name = Release;
		};
		57F318A62A8C76F900600D0D /* Debug */ = {
			isa = XCBuildConfiguration;
			buildSettings = {
				ASSETCATALOG_COMPILER_APPICON_NAME = AppIcon;
				ASSETCATALOG_COMPILER_GLOBAL_ACCENT_COLOR_NAME = AccentColor;
				CODE_SIGN_STYLE = Automatic;
				CURRENT_PROJECT_VERSION = 1;
				DEVELOPMENT_ASSET_PATHS = "\"github_1/Preview Content\"";
				DEVELOPMENT_TEAM = X3PA7T5XCF;
				ENABLE_PREVIEWS = YES;
				GENERATE_INFOPLIST_FILE = YES;
				INFOPLIST_KEY_UIApplicationSceneManifest_Generation = YES;
				INFOPLIST_KEY_UIApplicationSupportsIndirectInputEvents = YES;
				INFOPLIST_KEY_UILaunchScreen_Generation = YES;
				INFOPLIST_KEY_UISupportedInterfaceOrientations_iPad = "UIInterfaceOrientationPortrait UIInterfaceOrientationPortraitUpsideDown UIInterfaceOrientationLandscapeLeft UIInterfaceOrientationLandscapeRight";
				INFOPLIST_KEY_UISupportedInterfaceOrientations_iPhone = "UIInterfaceOrientationPortrait UIInterfaceOrientationLandscapeLeft UIInterfaceOrientationLandscapeRight";
				LD_RUNPATH_SEARCH_PATHS = (
					"$(inherited)",
					"@executable_path/Frameworks",
				);
				MARKETING_VERSION = 1.0;
				PRODUCT_BUNDLE_IDENTIFIER = "primerasapps.github-1";
				PRODUCT_NAME = "$(TARGET_NAME)";
				SWIFT_EMIT_LOC_STRINGS = YES;
				SWIFT_VERSION = 5.0;
				TARGETED_DEVICE_FAMILY = "1,2";
			};
			name = Debug;
		};
		57F318A72A8C76F900600D0D /* Release */ = {
			isa = XCBuildConfiguration;
			buildSettings = {
				ASSETCATALOG_COMPILER_APPICON_NAME = AppIcon;
				ASSETCATALOG_COMPILER_GLOBAL_ACCENT_COLOR_NAME = AccentColor;
				CODE_SIGN_STYLE = Automatic;
				CURRENT_PROJECT_VERSION = 1;
				DEVELOPMENT_ASSET_PATHS = "\"github_1/Preview Content\"";
				DEVELOPMENT_TEAM = X3PA7T5XCF;
				ENABLE_PREVIEWS = YES;
				GENERATE_INFOPLIST_FILE = YES;
				INFOPLIST_KEY_UIApplicationSceneManifest_Generation = YES;
				INFOPLIST_KEY_UIApplicationSupportsIndirectInputEvents = YES;
				INFOPLIST_KEY_UILaunchScreen_Generation = YES;
				INFOPLIST_KEY_UISupportedInterfaceOrientations_iPad = "UIInterfaceOrientationPortrait UIInterfaceOrientationPortraitUpsideDown UIInterfaceOrientationLandscapeLeft UIInterfaceOrientationLandscapeRight";
				INFOPLIST_KEY_UISupportedInterfaceOrientations_iPhone = "UIInterfaceOrientationPortrait UIInterfaceOrientationLandscapeLeft UIInterfaceOrientationLandscapeRight";
				LD_RUNPATH_SEARCH_PATHS = (
					"$(inherited)",
					"@executable_path/Frameworks",
				);
				MARKETING_VERSION = 1.0;
				PRODUCT_BUNDLE_IDENTIFIER = "primerasapps.github-1";
				PRODUCT_NAME = "$(TARGET_NAME)";
				SWIFT_EMIT_LOC_STRINGS = YES;
				SWIFT_VERSION = 5.0;
				TARGETED_DEVICE_FAMILY = "1,2";
			};
			name = Release;
		};
		57F318A92A8C76F900600D0D /* Debug */ = {
			isa = XCBuildConfiguration;
			buildSettings = {
				ALWAYS_EMBED_SWIFT_STANDARD_LIBRARIES = YES;
				BUNDLE_LOADER = "$(TEST_HOST)";
				CODE_SIGN_STYLE = Automatic;
				CURRENT_PROJECT_VERSION = 1;
				DEVELOPMENT_TEAM = X3PA7T5XCF;
				GENERATE_INFOPLIST_FILE = YES;
				IPHONEOS_DEPLOYMENT_TARGET = 15.5;
				MARKETING_VERSION = 1.0;
				PRODUCT_BUNDLE_IDENTIFIER = "primerasapps.github-1Tests";
				PRODUCT_NAME = "$(TARGET_NAME)";
				SWIFT_EMIT_LOC_STRINGS = NO;
				SWIFT_VERSION = 5.0;
				TARGETED_DEVICE_FAMILY = "1,2";
				TEST_HOST = "$(BUILT_PRODUCTS_DIR)/github_1.app/github_1";
			};
			name = Debug;
		};
		57F318AA2A8C76F900600D0D /* Release */ = {
			isa = XCBuildConfiguration;
			buildSettings = {
				ALWAYS_EMBED_SWIFT_STANDARD_LIBRARIES = YES;
				BUNDLE_LOADER = "$(TEST_HOST)";
				CODE_SIGN_STYLE = Automatic;
				CURRENT_PROJECT_VERSION = 1;
				DEVELOPMENT_TEAM = X3PA7T5XCF;
				GENERATE_INFOPLIST_FILE = YES;
				IPHONEOS_DEPLOYMENT_TARGET = 15.5;
				MARKETING_VERSION = 1.0;
				PRODUCT_BUNDLE_IDENTIFIER = "primerasapps.github-1Tests";
				PRODUCT_NAME = "$(TARGET_NAME)";
				SWIFT_EMIT_LOC_STRINGS = NO;
				SWIFT_VERSION = 5.0;
				TARGETED_DEVICE_FAMILY = "1,2";
				TEST_HOST = "$(BUILT_PRODUCTS_DIR)/github_1.app/github_1";
			};
			name = Release;
		};
		57F318AC2A8C76F900600D0D /* Debug */ = {
			isa = XCBuildConfiguration;
			buildSettings = {
				ALWAYS_EMBED_SWIFT_STANDARD_LIBRARIES = YES;
				CODE_SIGN_STYLE = Automatic;
				CURRENT_PROJECT_VERSION = 1;
				DEVELOPMENT_TEAM = X3PA7T5XCF;
				GENERATE_INFOPLIST_FILE = YES;
				MARKETING_VERSION = 1.0;
				PRODUCT_BUNDLE_IDENTIFIER = "primerasapps.github-1UITests";
				PRODUCT_NAME = "$(TARGET_NAME)";
				SWIFT_EMIT_LOC_STRINGS = NO;
				SWIFT_VERSION = 5.0;
				TARGETED_DEVICE_FAMILY = "1,2";
				TEST_TARGET_NAME = github_1;
			};
			name = Debug;
		};
		57F318AD2A8C76F900600D0D /* Release */ = {
			isa = XCBuildConfiguration;
			buildSettings = {
				ALWAYS_EMBED_SWIFT_STANDARD_LIBRARIES = YES;
				CODE_SIGN_STYLE = Automatic;
				CURRENT_PROJECT_VERSION = 1;
				DEVELOPMENT_TEAM = X3PA7T5XCF;
				GENERATE_INFOPLIST_FILE = YES;
				MARKETING_VERSION = 1.0;
				PRODUCT_BUNDLE_IDENTIFIER = "primerasapps.github-1UITests";
				PRODUCT_NAME = "$(TARGET_NAME)";
				SWIFT_EMIT_LOC_STRINGS = NO;
				SWIFT_VERSION = 5.0;
				TARGETED_DEVICE_FAMILY = "1,2";
				TEST_TARGET_NAME = github_1;
			};
			name = Release;
		};
/* End XCBuildConfiguration section */

/* Begin XCConfigurationList section */
		57F3187C2A8C76F400600D0D /* Build configuration list for PBXProject "github_1" */ = {
			isa = XCConfigurationList;
			buildConfigurations = (
				57F318A32A8C76F900600D0D /* Debug */,
				57F318A42A8C76F900600D0D /* Release */,
			);
			defaultConfigurationIsVisible = 0;
			defaultConfigurationName = Release;
		};
		57F318A52A8C76F900600D0D /* Build configuration list for PBXNativeTarget "github_1" */ = {
			isa = XCConfigurationList;
			buildConfigurations = (
				57F318A62A8C76F900600D0D /* Debug */,
				57F318A72A8C76F900600D0D /* Release */,
			);
			defaultConfigurationIsVisible = 0;
			defaultConfigurationName = Release;
		};
		57F318A82A8C76F900600D0D /* Build configuration list for PBXNativeTarget "github_1Tests" */ = {
			isa = XCConfigurationList;
			buildConfigurations = (
				57F318A92A8C76F900600D0D /* Debug */,
				57F318AA2A8C76F900600D0D /* Release */,
			);
			defaultConfigurationIsVisible = 0;
			defaultConfigurationName = Release;
		};
		57F318AB2A8C76F900600D0D /* Build configuration list for PBXNativeTarget "github_1UITests" */ = {
			isa = XCConfigurationList;
			buildConfigurations = (
				57F318AC2A8C76F900600D0D /* Debug */,
				57F318AD2A8C76F900600D0D /* Release */,
			);
			defaultConfigurationIsVisible = 0;
			defaultConfigurationName = Release;
		};
/* End XCConfigurationList section */
	};
	rootObject = 57F318792A8C76F400600D0D /* Project object */;
}
